
Microsoft Visual Studio Solution File, Format Version 12.00
# Visual Studio Version 16
VisualStudioVersion = 16.0.30114.105
MinimumVisualStudioVersion = 10.0.40219.1
Project("{FAE04EC0-301F-11D3-BF4B-00C04F79EFBC}") = "FileSystemFacade", "FileSystemFacade\FileSystemFacade.csproj", "{BB6AD9AA-AC2C-4600-9E9C-81CF6D4EF658}"
EndProject
Project("{2150E333-8FDC-42A3-9474-1A3956D46DE8}") = "SolutionItems", "SolutionItems", "{98B5ED01-348C-4846-9D7A-10BBBD413CE6}"
	ProjectSection(SolutionItems) = preProject
		gittey-config.json = gittey-config.json
		documentation\readme\introduction.md = documentation\readme\introduction.md
		README.md = README.md
		structures.md = structures.md
		alternate.md = alternate.md
	EndProjectSection
EndProject
Project("{2150E333-8FDC-42A3-9474-1A3956D46DE8}") = "Documentation", "Documentation", "{C8902A6A-A240-4FC4-A39A-0A8C803ED738}"
EndProject
Project("{2150E333-8FDC-42A3-9474-1A3956D46DE8}") = "readme", "readme", "{FF9F9993-0D67-4467-9A1F-8CAA5B8027D7}"
	ProjectSection(SolutionItems) = preProject
		documentation\readme\_main.md = documentation\readme\_main.md
		documentation\readme\contributors.md = documentation\readme\contributors.md
		documentation\readme\introduction.md = documentation\readme\introduction.md
	EndProjectSection
EndProject
Project("{2150E333-8FDC-42A3-9474-1A3956D46DE8}") = "structures", "structures", "{8299C243-1B95-46C1-B7A4-A374B47E4F99}"
	ProjectSection(SolutionItems) = preProject
		documentation\structures\_main.md = documentation\structures\_main.md
		documentation\structures\AtomicActions.md = documentation\structures\AtomicActions.md
		documentation\structures\AtomicFileSystem.md = documentation\structures\AtomicFileSystem.md
		documentation\structures\AtomicReplacementBuilder.md = documentation\structures\AtomicReplacementBuilder.md
		documentation\structures\Primitives.md = documentation\structures\Primitives.md
	EndProjectSection
EndProject
Project("{2150E333-8FDC-42A3-9474-1A3956D46DE8}") = "primitives", "primitives", "{D68CDB94-0B2E-4DB6-9A50-3C6BB9E39B0F}"
	ProjectSection(SolutionItems) = preProject
		documentation\structures\primitives\Directory.md = documentation\structures\primitives\Directory.md
		documentation\structures\primitives\DirectoryInfo.md = documentation\structures\primitives\DirectoryInfo.md
		documentation\structures\primitives\DirectoryInfoFactory.md = documentation\structures\primitives\DirectoryInfoFactory.md
		documentation\structures\primitives\DriveInfo.md = documentation\structures\primitives\DriveInfo.md
		documentation\structures\primitives\DriveInfoFactory.md = documentation\structures\primitives\DriveInfoFactory.md
		documentation\structures\primitives\Drives.md = documentation\structures\primitives\Drives.md
		documentation\structures\primitives\File.md = documentation\structures\primitives\File.md
		documentation\structures\primitives\FileInfo.md = documentation\structures\primitives\FileInfo.md
		documentation\structures\primitives\FileInfoFactory.md = documentation\structures\primitives\FileInfoFactory.md
		documentation\structures\primitives\FileStream.md = documentation\structures\primitives\FileStream.md
		documentation\structures\primitives\FileStreamFactory.md = documentation\structures\primitives\FileStreamFactory.md
		documentation\structures\primitives\FileSystemWatcher.md = documentation\structures\primitives\FileSystemWatcher.md
		documentation\structures\primitives\FileSystemWatcherFactory.md = documentation\structures\primitives\FileSystemWatcherFactory.md
		documentation\structures\primitives\WaitForChangedResult.md = documentation\structures\primitives\WaitForChangedResult.md
		documentation\structures\primitives\FileSystemInfo.md = documentation\structures\primitives\FileSystemInfo.md
	EndProjectSection
EndProject
Project("{2150E333-8FDC-42A3-9474-1A3956D46DE8}") = "alternate", "alternate", "{B371F088-2BCE-4B75-9B40-9C4074E86D38}"
	ProjectSection(SolutionItems) = preProject
		documentation\structures\alternate\_main.md = documentation\structures\alternate\_main.md
		documentation\structures\alternate\Drive.md = documentation\structures\alternate\Drive.md
		documentation\structures\alternate\StaticDriveReplacement.md = documentation\structures\alternate\StaticDriveReplacement.md
		documentation\structures\alternate\Directory.md = documentation\structures\alternate\Directory.md
		documentation\structures\alternate\StaticDirectoryReplacement.md = documentation\structures\alternate\StaticDirectoryReplacement.md
		documentation\structures\alternate\File.md = documentation\structures\alternate\File.md
		documentation\structures\alternate\StaticFileReplacement.md = documentation\structures\alternate\StaticFileReplacement.md
	EndProjectSection
EndProject
Global
	GlobalSection(SolutionConfigurationPlatforms) = preSolution
		Debug|Any CPU = Debug|Any CPU
		Debug|x64 = Debug|x64
		Debug|x86 = Debug|x86
		Release|Any CPU = Release|Any CPU
		Release|x64 = Release|x64
		Release|x86 = Release|x86
	EndGlobalSection
	GlobalSection(SolutionProperties) = preSolution
		HideSolutionNode = FALSE
	EndGlobalSection
	GlobalSection(ProjectConfigurationPlatforms) = postSolution
		{BB6AD9AA-AC2C-4600-9E9C-81CF6D4EF658}.Debug|Any CPU.ActiveCfg = Debug|Any CPU
		{BB6AD9AA-AC2C-4600-9E9C-81CF6D4EF658}.Debug|Any CPU.Build.0 = Debug|Any CPU
		{BB6AD9AA-AC2C-4600-9E9C-81CF6D4EF658}.Debug|x64.ActiveCfg = Debug|Any CPU
		{BB6AD9AA-AC2C-4600-9E9C-81CF6D4EF658}.Debug|x64.Build.0 = Debug|Any CPU
		{BB6AD9AA-AC2C-4600-9E9C-81CF6D4EF658}.Debug|x86.ActiveCfg = Debug|Any CPU
		{BB6AD9AA-AC2C-4600-9E9C-81CF6D4EF658}.Debug|x86.Build.0 = Debug|Any CPU
		{BB6AD9AA-AC2C-4600-9E9C-81CF6D4EF658}.Release|Any CPU.ActiveCfg = Release|Any CPU
		{BB6AD9AA-AC2C-4600-9E9C-81CF6D4EF658}.Release|Any CPU.Build.0 = Release|Any CPU
		{BB6AD9AA-AC2C-4600-9E9C-81CF6D4EF658}.Release|x64.ActiveCfg = Release|Any CPU
		{BB6AD9AA-AC2C-4600-9E9C-81CF6D4EF658}.Release|x64.Build.0 = Release|Any CPU
		{BB6AD9AA-AC2C-4600-9E9C-81CF6D4EF658}.Release|x86.ActiveCfg = Release|Any CPU
		{BB6AD9AA-AC2C-4600-9E9C-81CF6D4EF658}.Release|x86.Build.0 = Release|Any CPU
	EndGlobalSection
	GlobalSection(NestedProjects) = preSolution
		{FF9F9993-0D67-4467-9A1F-8CAA5B8027D7} = {C8902A6A-A240-4FC4-A39A-0A8C803ED738}
		{8299C243-1B95-46C1-B7A4-A374B47E4F99} = {C8902A6A-A240-4FC4-A39A-0A8C803ED738}
		{D68CDB94-0B2E-4DB6-9A50-3C6BB9E39B0F} = {8299C243-1B95-46C1-B7A4-A374B47E4F99}
		{B371F088-2BCE-4B75-9B40-9C4074E86D38} = {8299C243-1B95-46C1-B7A4-A374B47E4F99}
	EndGlobalSection
EndGlobal
